
Microsoft Visual Studio Solution File, Format Version 12.00
# Visual Studio Version 16
VisualStudioVersion = 16.0.30002.166
MinimumVisualStudioVersion = 10.0.40219.1
Project("{FAE04EC0-301F-11D3-BF4B-00C04F79EFBC}") = "Pinner", "Pinner.csproj", "{2098D256-8701-449D-AA2C-840EE4A32927}"
EndProject
Global
	GlobalSection(SolutionConfigurationPlatforms) = preSolution
		Debug|Any CPU = Debug|Any CPU
		Release|Any CPU = Release|Any CPU
	EndGlobalSection
	GlobalSection(ProjectConfigurationPlatforms) = postSolution
		{2098D256-8701-449D-AA2C-840EE4A32927}.Debug|Any CPU.ActiveCfg = Debug|Any CPU
		{2098D256-8701-449D-AA2C-840EE4A32927}.Debug|Any CPU.Build.0 = Debug|Any CPU
		{2098D256-8701-449D-AA2C-840EE4A32927}.Release|Any CPU.ActiveCfg = Release|Any CPU
		{2098D256-8701-449D-AA2C-840EE4A32927}.Release|Any CPU.Build.0 = Release|Any CPU
	EndGlobalSection
	GlobalSection(SolutionProperties) = preSolution
		HideSolutionNode = FALSE
	EndGlobalSection
	GlobalSection(ExtensibilityGlobals) = postSolution
		SolutionGuid = {81341786-BC78-46FB-AFE4-505DCAB4D7A6}
	EndGlobalSection
EndGlobal
